
Microsoft Visual Studio Solution File, Format Version 12.00
# Visual Studio Version 17
VisualStudioVersion = 17.7.34024.191
MinimumVisualStudioVersion = 10.0.40219.1
Project("{FAE04EC0-301F-11D3-BF4B-00C04F79EFBC}") = "Kámen, nůžky, papír", "Kámen, nůžky, papír\Kámen, nůžky, papír.csproj", "{04338FCD-38F5-4245-A213-5BF2E89F8CFD}"
EndProject
Global
	GlobalSection(SolutionConfigurationPlatforms) = preSolution
		Debug|Any CPU = Debug|Any CPU
		Release|Any CPU = Release|Any CPU
	EndGlobalSection
	GlobalSection(ProjectConfigurationPlatforms) = postSolution
		{04338FCD-38F5-4245-A213-5BF2E89F8CFD}.Debug|Any CPU.ActiveCfg = Debug|Any CPU
		{04338FCD-38F5-4245-A213-5BF2E89F8CFD}.Debug|Any CPU.Build.0 = Debug|Any CPU
		{04338FCD-38F5-4245-A213-5BF2E89F8CFD}.Release|Any CPU.ActiveCfg = Release|Any CPU
		{04338FCD-38F5-4245-A213-5BF2E89F8CFD}.Release|Any CPU.Build.0 = Release|Any CPU
	EndGlobalSection
	GlobalSection(SolutionProperties) = preSolution
		HideSolutionNode = FALSE
	EndGlobalSection
	GlobalSection(ExtensibilityGlobals) = postSolution
		SolutionGuid = {556D1320-731D-4B09-B4A0-C5C43B7685B4}
	EndGlobalSection
EndGlobal
