
Microsoft Visual Studio Solution File, Format Version 12.00
# Visual Studio Version 17
VisualStudioVersion = 17.9.34607.119
MinimumVisualStudioVersion = 10.0.40219.1
Project("{FAE04EC0-301F-11D3-BF4B-00C04F79EFBC}") = "Malování", "Malování\Malování.csproj", "{6C891868-9079-4E33-AABD-B8F3EBF12405}"
EndProject
Global
	GlobalSection(SolutionConfigurationPlatforms) = preSolution
		Debug|Any CPU = Debug|Any CPU
		Release|Any CPU = Release|Any CPU
	EndGlobalSection
	GlobalSection(ProjectConfigurationPlatforms) = postSolution
		{6C891868-9079-4E33-AABD-B8F3EBF12405}.Debug|Any CPU.ActiveCfg = Debug|Any CPU
		{6C891868-9079-4E33-AABD-B8F3EBF12405}.Debug|Any CPU.Build.0 = Debug|Any CPU
		{6C891868-9079-4E33-AABD-B8F3EBF12405}.Release|Any CPU.ActiveCfg = Release|Any CPU
		{6C891868-9079-4E33-AABD-B8F3EBF12405}.Release|Any CPU.Build.0 = Release|Any CPU
	EndGlobalSection
	GlobalSection(SolutionProperties) = preSolution
		HideSolutionNode = FALSE
	EndGlobalSection
	GlobalSection(ExtensibilityGlobals) = postSolution
		SolutionGuid = {DA3D3335-1EA1-482E-A3B4-21C6F2126E03}
	EndGlobalSection
EndGlobal
