
Microsoft Visual Studio Solution File, Format Version 12.00
# Visual Studio Version 17
VisualStudioVersion = 17.7.34024.191
MinimumVisualStudioVersion = 10.0.40219.1
Project("{FAE04EC0-301F-11D3-BF4B-00C04F79EFBC}") = "Deathroll", "Deathroll\Deathroll.csproj", "{568A4AD2-CF57-4A8B-BBD7-CBAD9FEBA828}"
EndProject
Global
	GlobalSection(SolutionConfigurationPlatforms) = preSolution
		Debug|Any CPU = Debug|Any CPU
		Release|Any CPU = Release|Any CPU
	EndGlobalSection
	GlobalSection(ProjectConfigurationPlatforms) = postSolution
		{568A4AD2-CF57-4A8B-BBD7-CBAD9FEBA828}.Debug|Any CPU.ActiveCfg = Debug|Any CPU
		{568A4AD2-CF57-4A8B-BBD7-CBAD9FEBA828}.Debug|Any CPU.Build.0 = Debug|Any CPU
		{568A4AD2-CF57-4A8B-BBD7-CBAD9FEBA828}.Release|Any CPU.ActiveCfg = Release|Any CPU
		{568A4AD2-CF57-4A8B-BBD7-CBAD9FEBA828}.Release|Any CPU.Build.0 = Release|Any CPU
	EndGlobalSection
	GlobalSection(SolutionProperties) = preSolution
		HideSolutionNode = FALSE
	EndGlobalSection
	GlobalSection(ExtensibilityGlobals) = postSolution
		SolutionGuid = {C005EDD6-C3A2-43F8-B707-1FA135834B56}
	EndGlobalSection
EndGlobal
